
Microsoft Visual Studio Solution File, Format Version 12.00
# Visual Studio Version 16
VisualStudioVersion = 25.0.1705.6
MinimumVisualStudioVersion = 10.0.40219.1
Project("{FAE04EC0-301F-11D3-BF4B-00C04F79EFBC}") = "CMS", "CMS\CMS.csproj", "{C691077B-A719-4E0F-87F1-86DA199EEE0A}"
EndProject
Global
	GlobalSection(SolutionConfigurationPlatforms) = preSolution
		Debug|Any CPU = Debug|Any CPU
		Release|Any CPU = Release|Any CPU
	EndGlobalSection
	GlobalSection(ProjectConfigurationPlatforms) = postSolution
		{C691077B-A719-4E0F-87F1-86DA199EEE0A}.Debug|Any CPU.ActiveCfg = Debug|Any CPU
		{C691077B-A719-4E0F-87F1-86DA199EEE0A}.Debug|Any CPU.Build.0 = Debug|Any CPU
		{C691077B-A719-4E0F-87F1-86DA199EEE0A}.Release|Any CPU.ActiveCfg = Release|Any CPU
		{C691077B-A719-4E0F-87F1-86DA199EEE0A}.Release|Any CPU.Build.0 = Release|Any CPU
	EndGlobalSection
	GlobalSection(SolutionProperties) = preSolution
		HideSolutionNode = FALSE
	EndGlobalSection
	GlobalSection(ExtensibilityGlobals) = postSolution
		SolutionGuid = {7581ADB9-5F08-435C-A343-4E50C21BBE61}
	EndGlobalSection
EndGlobal
